
Microsoft Visual Studio Solution File, Format Version 12.00
# Visual Studio Version 17
VisualStudioVersion = 17.8.34004.107
MinimumVisualStudioVersion = 10.0.40219.1
Project("{9A19103F-16F7-4668-BE54-9A1E7A4F7556}") = "Advent-Of-Code-2023", "Advent-Of-Code-2023\Advent-Of-Code-2023.csproj", "{79E250DA-5760-417F-A5B9-684756BE7912}"
EndProject
Project("{9A19103F-16F7-4668-BE54-9A1E7A4F7556}") = "Helpers", "Helpers\Helpers.csproj", "{92C7B923-47A0-4801-99DD-D1DFD29BBC94}"
EndProject
Project("{9A19103F-16F7-4668-BE54-9A1E7A4F7556}") = "Advent-Of-Code-2023-01", "Advent-Of-Code-2023-01\Advent-Of-Code-2023-01.csproj", "{3C54E163-8904-442A-B7D7-38E0E9650CE1}"
EndProject
Project("{9A19103F-16F7-4668-BE54-9A1E7A4F7556}") = "Testing-2023", "Testing-2023\Testing-2023.csproj", "{60E8E5F5-878D-4158-8AF5-BDF12F8B0030}"
EndProject
Project("{9A19103F-16F7-4668-BE54-9A1E7A4F7556}") = "Advent-Of-Code-2023-02", "Advent-Of-Code-2023-02\Advent-Of-Code-2023-02.csproj", "{159CCC38-D15C-4BF5-880F-71515B4E523F}"
EndProject
Project("{9A19103F-16F7-4668-BE54-9A1E7A4F7556}") = "Advent-Of-Code-2023-03", "Advent-Of-Code-2023-03\Advent-Of-Code-2023-03.csproj", "{8D4F9B35-3CE5-4D26-9417-2F018DC6E68C}"
EndProject
Project("{9A19103F-16F7-4668-BE54-9A1E7A4F7556}") = "Advent-Of-Code-2023-04", "Advent-Of-Code-2023-04\Advent-Of-Code-2023-04.csproj", "{70D2EC7C-49BD-4972-A9B2-0E6089BB00CD}"
EndProject
Project("{9A19103F-16F7-4668-BE54-9A1E7A4F7556}") = "Advent-Of-Code-2023-05", "Advent-Of-Code-2023-05\Advent-Of-Code-2023-05.csproj", "{7372DE98-EFA1-4804-B40D-B3E71315C8C5}"
EndProject
Project("{9A19103F-16F7-4668-BE54-9A1E7A4F7556}") = "Advent-Of-Code-2023-06", "Advent-Of-Code-2023-06\Advent-Of-Code-2023-06.csproj", "{B9F6FEB4-C529-485D-A64C-8AEBF946A977}"
EndProject
Project("{9A19103F-16F7-4668-BE54-9A1E7A4F7556}") = "Advent-Of-Code-2023-07", "Advent-Of-Code-2023-07\Advent-Of-Code-2023-07.csproj", "{34439E35-D582-4CDF-ADCB-7E3E776EDA02}"
EndProject
Project("{9A19103F-16F7-4668-BE54-9A1E7A4F7556}") = "Advent-Of-Code-2023-08", "Advent-Of-Code-2023-08\Advent-Of-Code-2023-08.csproj", "{98A80F12-AAEC-4560-807F-B809EA9389CC}"
EndProject
Project("{9A19103F-16F7-4668-BE54-9A1E7A4F7556}") = "Advent-Of-Code-2023-09", "Advent-Of-Code-2023-09\Advent-Of-Code-2023-09.csproj", "{361652F1-F81F-4E05-AD67-369348E22691}"
EndProject
Project("{9A19103F-16F7-4668-BE54-9A1E7A4F7556}") = "Advent-Of-Code-2023-10", "Advent-Of-Code-2023-10\Advent-Of-Code-2023-10.csproj", "{B37E4B78-B3FF-46C7-80ED-306E234819F1}"
EndProject
Project("{9A19103F-16F7-4668-BE54-9A1E7A4F7556}") = "Advent-Of-Code-2023-11", "Advent-Of-Code-2023-11\Advent-Of-Code-2023-11.csproj", "{C4760F80-4DFB-4729-96EE-4C2592902BF3}"
EndProject
Project("{9A19103F-16F7-4668-BE54-9A1E7A4F7556}") = "Advent-Of-Code-2023-12", "Advent-Of-Code-2023-12\Advent-Of-Code-2023-12.csproj", "{7774A26A-0A24-4151-BE4C-CF4F00444578}"
EndProject
Project("{9A19103F-16F7-4668-BE54-9A1E7A4F7556}") = "Advent-Of-Code-2023-13", "Advent-Of-Code-2023-13\Advent-Of-Code-2023-13.csproj", "{9CC02DAA-8CC3-4B2F-B858-E00FAC87D7FA}"
EndProject
Project("{9A19103F-16F7-4668-BE54-9A1E7A4F7556}") = "Advent-Of-Code-2023-14", "Advent-Of-Code-2023-14\Advent-Of-Code-2023-14.csproj", "{069CB632-7B5B-426C-8F20-4AD54438B4D0}"
EndProject
Project("{9A19103F-16F7-4668-BE54-9A1E7A4F7556}") = "Advent-Of-Code-2023-15", "Advent-Of-Code-2023-15\Advent-Of-Code-2023-15.csproj", "{A72B2627-FD49-414C-A222-1762AA72DF93}"
EndProject
Project("{9A19103F-16F7-4668-BE54-9A1E7A4F7556}") = "Advent-Of-Code-2023-16", "Advent-Of-Code-2023-16\Advent-Of-Code-2023-16.csproj", "{3586B4A9-4305-467C-92D3-7D2625E8F7C2}"
EndProject
Project("{9A19103F-16F7-4668-BE54-9A1E7A4F7556}") = "Advent-Of-Code-2023-17", "Advent-Of-Code-2023-17\Advent-Of-Code-2023-17.csproj", "{3AAAE1BE-E4D6-4D5C-9033-53B66893725A}"
EndProject
Project("{9A19103F-16F7-4668-BE54-9A1E7A4F7556}") = "Advent-Of-Code-2023-18", "Advent-Of-Code-2023-18\Advent-Of-Code-2023-18.csproj", "{CC2756F1-36C7-4363-AB3A-75FC2233C94A}"
EndProject
Project("{FAE04EC0-301F-11D3-BF4B-00C04F79EFBC}") = "Advent-Of-Code-2023-19", "Advent-Of-Code-2023-19\Advent-Of-Code-2023-19.csproj", "{31826D1D-C8EF-4C21-A6D7-BFAA910B753E}"
EndProject
Global
	GlobalSection(SolutionConfigurationPlatforms) = preSolution
		Debug|Any CPU = Debug|Any CPU
		Release|Any CPU = Release|Any CPU
	EndGlobalSection
	GlobalSection(ProjectConfigurationPlatforms) = postSolution
		{79E250DA-5760-417F-A5B9-684756BE7912}.Debug|Any CPU.ActiveCfg = Debug|Any CPU
		{79E250DA-5760-417F-A5B9-684756BE7912}.Debug|Any CPU.Build.0 = Debug|Any CPU
		{79E250DA-5760-417F-A5B9-684756BE7912}.Release|Any CPU.ActiveCfg = Release|Any CPU
		{79E250DA-5760-417F-A5B9-684756BE7912}.Release|Any CPU.Build.0 = Release|Any CPU
		{92C7B923-47A0-4801-99DD-D1DFD29BBC94}.Debug|Any CPU.ActiveCfg = Debug|Any CPU
		{92C7B923-47A0-4801-99DD-D1DFD29BBC94}.Debug|Any CPU.Build.0 = Debug|Any CPU
		{92C7B923-47A0-4801-99DD-D1DFD29BBC94}.Release|Any CPU.ActiveCfg = Release|Any CPU
		{92C7B923-47A0-4801-99DD-D1DFD29BBC94}.Release|Any CPU.Build.0 = Release|Any CPU
		{3C54E163-8904-442A-B7D7-38E0E9650CE1}.Debug|Any CPU.ActiveCfg = Debug|Any CPU
		{3C54E163-8904-442A-B7D7-38E0E9650CE1}.Debug|Any CPU.Build.0 = Debug|Any CPU
		{3C54E163-8904-442A-B7D7-38E0E9650CE1}.Release|Any CPU.ActiveCfg = Release|Any CPU
		{3C54E163-8904-442A-B7D7-38E0E9650CE1}.Release|Any CPU.Build.0 = Release|Any CPU
		{60E8E5F5-878D-4158-8AF5-BDF12F8B0030}.Debug|Any CPU.ActiveCfg = Debug|Any CPU
		{60E8E5F5-878D-4158-8AF5-BDF12F8B0030}.Debug|Any CPU.Build.0 = Debug|Any CPU
		{60E8E5F5-878D-4158-8AF5-BDF12F8B0030}.Release|Any CPU.ActiveCfg = Release|Any CPU
		{60E8E5F5-878D-4158-8AF5-BDF12F8B0030}.Release|Any CPU.Build.0 = Release|Any CPU
		{159CCC38-D15C-4BF5-880F-71515B4E523F}.Debug|Any CPU.ActiveCfg = Debug|Any CPU
		{159CCC38-D15C-4BF5-880F-71515B4E523F}.Debug|Any CPU.Build.0 = Debug|Any CPU
		{159CCC38-D15C-4BF5-880F-71515B4E523F}.Release|Any CPU.ActiveCfg = Release|Any CPU
		{159CCC38-D15C-4BF5-880F-71515B4E523F}.Release|Any CPU.Build.0 = Release|Any CPU
		{8D4F9B35-3CE5-4D26-9417-2F018DC6E68C}.Debug|Any CPU.ActiveCfg = Debug|Any CPU
		{8D4F9B35-3CE5-4D26-9417-2F018DC6E68C}.Debug|Any CPU.Build.0 = Debug|Any CPU
		{8D4F9B35-3CE5-4D26-9417-2F018DC6E68C}.Release|Any CPU.ActiveCfg = Release|Any CPU
		{8D4F9B35-3CE5-4D26-9417-2F018DC6E68C}.Release|Any CPU.Build.0 = Release|Any CPU
		{70D2EC7C-49BD-4972-A9B2-0E6089BB00CD}.Debug|Any CPU.ActiveCfg = Debug|Any CPU
		{70D2EC7C-49BD-4972-A9B2-0E6089BB00CD}.Debug|Any CPU.Build.0 = Debug|Any CPU
		{70D2EC7C-49BD-4972-A9B2-0E6089BB00CD}.Release|Any CPU.ActiveCfg = Release|Any CPU
		{70D2EC7C-49BD-4972-A9B2-0E6089BB00CD}.Release|Any CPU.Build.0 = Release|Any CPU
		{7372DE98-EFA1-4804-B40D-B3E71315C8C5}.Debug|Any CPU.ActiveCfg = Debug|Any CPU
		{7372DE98-EFA1-4804-B40D-B3E71315C8C5}.Debug|Any CPU.Build.0 = Debug|Any CPU
		{7372DE98-EFA1-4804-B40D-B3E71315C8C5}.Release|Any CPU.ActiveCfg = Release|Any CPU
		{7372DE98-EFA1-4804-B40D-B3E71315C8C5}.Release|Any CPU.Build.0 = Release|Any CPU
		{B9F6FEB4-C529-485D-A64C-8AEBF946A977}.Debug|Any CPU.ActiveCfg = Debug|Any CPU
		{B9F6FEB4-C529-485D-A64C-8AEBF946A977}.Debug|Any CPU.Build.0 = Debug|Any CPU
		{B9F6FEB4-C529-485D-A64C-8AEBF946A977}.Release|Any CPU.ActiveCfg = Release|Any CPU
		{B9F6FEB4-C529-485D-A64C-8AEBF946A977}.Release|Any CPU.Build.0 = Release|Any CPU
		{34439E35-D582-4CDF-ADCB-7E3E776EDA02}.Debug|Any CPU.ActiveCfg = Debug|Any CPU
		{34439E35-D582-4CDF-ADCB-7E3E776EDA02}.Debug|Any CPU.Build.0 = Debug|Any CPU
		{34439E35-D582-4CDF-ADCB-7E3E776EDA02}.Release|Any CPU.ActiveCfg = Release|Any CPU
		{34439E35-D582-4CDF-ADCB-7E3E776EDA02}.Release|Any CPU.Build.0 = Release|Any CPU
		{98A80F12-AAEC-4560-807F-B809EA9389CC}.Debug|Any CPU.ActiveCfg = Debug|Any CPU
		{98A80F12-AAEC-4560-807F-B809EA9389CC}.Debug|Any CPU.Build.0 = Debug|Any CPU
		{98A80F12-AAEC-4560-807F-B809EA9389CC}.Release|Any CPU.ActiveCfg = Release|Any CPU
		{98A80F12-AAEC-4560-807F-B809EA9389CC}.Release|Any CPU.Build.0 = Release|Any CPU
		{361652F1-F81F-4E05-AD67-369348E22691}.Debug|Any CPU.ActiveCfg = Debug|Any CPU
		{361652F1-F81F-4E05-AD67-369348E22691}.Debug|Any CPU.Build.0 = Debug|Any CPU
		{361652F1-F81F-4E05-AD67-369348E22691}.Release|Any CPU.ActiveCfg = Release|Any CPU
		{361652F1-F81F-4E05-AD67-369348E22691}.Release|Any CPU.Build.0 = Release|Any CPU
		{B37E4B78-B3FF-46C7-80ED-306E234819F1}.Debug|Any CPU.ActiveCfg = Debug|Any CPU
		{B37E4B78-B3FF-46C7-80ED-306E234819F1}.Debug|Any CPU.Build.0 = Debug|Any CPU
		{B37E4B78-B3FF-46C7-80ED-306E234819F1}.Release|Any CPU.ActiveCfg = Release|Any CPU
		{B37E4B78-B3FF-46C7-80ED-306E234819F1}.Release|Any CPU.Build.0 = Release|Any CPU
		{C4760F80-4DFB-4729-96EE-4C2592902BF3}.Debug|Any CPU.ActiveCfg = Debug|Any CPU
		{C4760F80-4DFB-4729-96EE-4C2592902BF3}.Debug|Any CPU.Build.0 = Debug|Any CPU
		{C4760F80-4DFB-4729-96EE-4C2592902BF3}.Release|Any CPU.ActiveCfg = Release|Any CPU
		{C4760F80-4DFB-4729-96EE-4C2592902BF3}.Release|Any CPU.Build.0 = Release|Any CPU
		{7774A26A-0A24-4151-BE4C-CF4F00444578}.Debug|Any CPU.ActiveCfg = Debug|Any CPU
		{7774A26A-0A24-4151-BE4C-CF4F00444578}.Debug|Any CPU.Build.0 = Debug|Any CPU
		{7774A26A-0A24-4151-BE4C-CF4F00444578}.Release|Any CPU.ActiveCfg = Release|Any CPU
		{7774A26A-0A24-4151-BE4C-CF4F00444578}.Release|Any CPU.Build.0 = Release|Any CPU
		{9CC02DAA-8CC3-4B2F-B858-E00FAC87D7FA}.Debug|Any CPU.ActiveCfg = Debug|Any CPU
		{9CC02DAA-8CC3-4B2F-B858-E00FAC87D7FA}.Debug|Any CPU.Build.0 = Debug|Any CPU
		{9CC02DAA-8CC3-4B2F-B858-E00FAC87D7FA}.Release|Any CPU.ActiveCfg = Release|Any CPU
		{9CC02DAA-8CC3-4B2F-B858-E00FAC87D7FA}.Release|Any CPU.Build.0 = Release|Any CPU
		{069CB632-7B5B-426C-8F20-4AD54438B4D0}.Debug|Any CPU.ActiveCfg = Debug|Any CPU
		{069CB632-7B5B-426C-8F20-4AD54438B4D0}.Debug|Any CPU.Build.0 = Debug|Any CPU
		{069CB632-7B5B-426C-8F20-4AD54438B4D0}.Release|Any CPU.ActiveCfg = Release|Any CPU
		{069CB632-7B5B-426C-8F20-4AD54438B4D0}.Release|Any CPU.Build.0 = Release|Any CPU
		{A72B2627-FD49-414C-A222-1762AA72DF93}.Debug|Any CPU.ActiveCfg = Debug|Any CPU
		{A72B2627-FD49-414C-A222-1762AA72DF93}.Debug|Any CPU.Build.0 = Debug|Any CPU
		{A72B2627-FD49-414C-A222-1762AA72DF93}.Release|Any CPU.ActiveCfg = Release|Any CPU
		{A72B2627-FD49-414C-A222-1762AA72DF93}.Release|Any CPU.Build.0 = Release|Any CPU
		{3586B4A9-4305-467C-92D3-7D2625E8F7C2}.Debug|Any CPU.ActiveCfg = Debug|Any CPU
		{3586B4A9-4305-467C-92D3-7D2625E8F7C2}.Debug|Any CPU.Build.0 = Debug|Any CPU
		{3586B4A9-4305-467C-92D3-7D2625E8F7C2}.Release|Any CPU.ActiveCfg = Release|Any CPU
		{3586B4A9-4305-467C-92D3-7D2625E8F7C2}.Release|Any CPU.Build.0 = Release|Any CPU
		{3AAAE1BE-E4D6-4D5C-9033-53B66893725A}.Debug|Any CPU.ActiveCfg = Debug|Any CPU
		{3AAAE1BE-E4D6-4D5C-9033-53B66893725A}.Debug|Any CPU.Build.0 = Debug|Any CPU
		{3AAAE1BE-E4D6-4D5C-9033-53B66893725A}.Release|Any CPU.ActiveCfg = Release|Any CPU
		{3AAAE1BE-E4D6-4D5C-9033-53B66893725A}.Release|Any CPU.Build.0 = Release|Any CPU
		{CC2756F1-36C7-4363-AB3A-75FC2233C94A}.Debug|Any CPU.ActiveCfg = Debug|Any CPU
		{CC2756F1-36C7-4363-AB3A-75FC2233C94A}.Debug|Any CPU.Build.0 = Debug|Any CPU
		{CC2756F1-36C7-4363-AB3A-75FC2233C94A}.Release|Any CPU.ActiveCfg = Release|Any CPU
		{CC2756F1-36C7-4363-AB3A-75FC2233C94A}.Release|Any CPU.Build.0 = Release|Any CPU
		{31826D1D-C8EF-4C21-A6D7-BFAA910B753E}.Debug|Any CPU.ActiveCfg = Debug|Any CPU
		{31826D1D-C8EF-4C21-A6D7-BFAA910B753E}.Debug|Any CPU.Build.0 = Debug|Any CPU
		{31826D1D-C8EF-4C21-A6D7-BFAA910B753E}.Release|Any CPU.ActiveCfg = Release|Any CPU
		{31826D1D-C8EF-4C21-A6D7-BFAA910B753E}.Release|Any CPU.Build.0 = Release|Any CPU
	EndGlobalSection
	GlobalSection(SolutionProperties) = preSolution
		HideSolutionNode = FALSE
	EndGlobalSection
	GlobalSection(ExtensibilityGlobals) = postSolution
		SolutionGuid = {200ED8E0-3978-4C6E-8B43-32BB89429473}
	EndGlobalSection
EndGlobal
